{
  "version": 4,
  "terraform_version": "1.14.3",
  "serial": 6,
  "lineage": "3854b936-949c-4053-263b-826b9c96b0e5",
  "outputs": {},
  "resources": [
    {
      "mode": "managed",
      "type": "azurerm_resource_group",
      "name": "rg",
      "provider": "provider[\"registry.terraform.io/hashicorp/azurerm\"]",
      "instances": [
        {
          "schema_version": 0,
          "attributes": {
            "id": "/subscriptions/ad119bcf-5ba4-4a76-b46f-655da5400a96/resourceGroups/rg-dev",
            "location": "westeurope",
            "managed_by": "",
            "name": "rg-dev",
            "tags": null,
            "timeouts": null
          },
          "sensitive_attributes": [],
          "identity_schema_version": 0,
          "identity": {
            "name": "rg-dev",
            "subscription_id": "ad119bcf-5ba4-4a76-b46f-655da5400a96"
          },
          "private": "eyJlMmJmYjczMC1lY2FhLTExZTYtOGY4OC0zNDM2M2JjN2M0YzAiOnsiY3JlYXRlIjo1NDAwMDAwMDAwMDAwLCJkZWxldGUiOjU0MDAwMDAwMDAwMDAsInJlYWQiOjMwMDAwMDAwMDAwMCwidXBkYXRlIjo1NDAwMDAwMDAwMDAwfX0="
        }
      ]
    },
    {
      "mode": "managed",
      "type": "azurerm_subnet",
      "name": "subnet",
      "provider": "provider[\"registry.terraform.io/hashicorp/azurerm\"]",
      "instances": [
        {
          "schema_version": 0,
          "attributes": {
            "address_prefixes": [
              "10.0.0.0/16"
            ],
            "default_outbound_access_enabled": true,
            "delegation": [],
            "id": "/subscriptions/ad119bcf-5ba4-4a76-b46f-655da5400a96/resourceGroups/rg-dev/providers/Microsoft.Network/virtualNetworks/vnet-dev/subnets/subnet-dev",
            "ip_address_pool": [],
            "name": "subnet-dev",
            "private_endpoint_network_policies": "Disabled",
            "private_link_service_network_policies_enabled": true,
            "resource_group_name": "rg-dev",
            "service_endpoint_policy_ids": null,
            "service_endpoints": null,
            "sharing_scope": "",
            "timeouts": null,
            "virtual_network_name": "vnet-dev"
          },
          "sensitive_attributes": [],
          "identity_schema_version": 0,
          "identity": {
            "name": "subnet-dev",
            "resource_group_name": "rg-dev",
            "subscription_id": "ad119bcf-5ba4-4a76-b46f-655da5400a96",
            "virtual_network_name": "vnet-dev"
          },
          "private": "eyJlMmJmYjczMC1lY2FhLTExZTYtOGY4OC0zNDM2M2JjN2M0YzAiOnsiY3JlYXRlIjoxODAwMDAwMDAwMDAwLCJkZWxldGUiOjE4MDAwMDAwMDAwMDAsInJlYWQiOjMwMDAwMDAwMDAwMCwidXBkYXRlIjoxODAwMDAwMDAwMDAwfX0=",
          "dependencies": [
            "azurerm_resource_group.rg",
            "azurerm_virtual_network.vnet"
          ]
        }
      ]
    },
    {
      "mode": "managed",
      "type": "azurerm_virtual_network",
      "name": "vnet",
      "provider": "provider[\"registry.terraform.io/hashicorp/azurerm\"]",
      "instances": [
        {
          "schema_version": 0,
          "attributes": {
            "address_space": [
              "10.0.0.0/16"
            ],
            "bgp_community": "",
            "ddos_protection_plan": [],
            "dns_servers": [],
            "edge_zone": "",
            "encryption": [],
            "flow_timeout_in_minutes": 0,
            "guid": "c33a9a85-7557-4389-b107-b7a67302e6ad",
            "id": "/subscriptions/ad119bcf-5ba4-4a76-b46f-655da5400a96/resourceGroups/rg-dev/providers/Microsoft.Network/virtualNetworks/vnet-dev",
            "ip_address_pool": [],
            "location": "westeurope",
            "name": "vnet-dev",
            "private_endpoint_vnet_policies": "Disabled",
            "resource_group_name": "rg-dev",
            "subnet": [],
            "tags": null,
            "timeouts": null
          },
          "sensitive_attributes": [],
          "identity_schema_version": 0,
          "identity": {
            "name": "vnet-dev",
            "resource_group_name": "rg-dev",
            "subscription_id": "ad119bcf-5ba4-4a76-b46f-655da5400a96"
          },
          "private": "eyJlMmJmYjczMC1lY2FhLTExZTYtOGY4OC0zNDM2M2JjN2M0YzAiOnsiY3JlYXRlIjoxODAwMDAwMDAwMDAwLCJkZWxldGUiOjE4MDAwMDAwMDAwMDAsInJlYWQiOjMwMDAwMDAwMDAwMCwidXBkYXRlIjoxODAwMDAwMDAwMDAwfX0=",
          "dependencies": [
            "azurerm_resource_group.rg"
          ]
        }
      ]
    },
    {
      "module": "module.windows_vm",
      "mode": "managed",
      "type": "azurerm_network_interface",
      "name": "nic",
      "provider": "provider[\"registry.terraform.io/hashicorp/azurerm\"]",
      "instances": [
        {
          "schema_version": 0,
          "attributes": {
            "accelerated_networking_enabled": false,
            "applied_dns_servers": [],
            "auxiliary_mode": "",
            "auxiliary_sku": "",
            "dns_servers": null,
            "edge_zone": "",
            "id": "/subscriptions/ad119bcf-5ba4-4a76-b46f-655da5400a96/resourceGroups/rg-dev/providers/Microsoft.Network/networkInterfaces/dev-server-nic",
            "internal_dns_name_label": "",
            "internal_domain_name_suffix": "qwndvq0xoweuhmihw4thgaxgvf.ax.internal.cloudapp.net",
            "ip_configuration": [
              {
                "gateway_load_balancer_frontend_ip_configuration_id": "",
                "name": "internal",
                "primary": true,
                "private_ip_address": "10.0.0.4",
                "private_ip_address_allocation": "Dynamic",
                "private_ip_address_version": "IPv4",
                "public_ip_address_id": "",
                "subnet_id": "/subscriptions/ad119bcf-5ba4-4a76-b46f-655da5400a96/resourceGroups/rg-dev/providers/Microsoft.Network/virtualNetworks/vnet-dev/subnets/subnet-dev"
              }
            ],
            "ip_forwarding_enabled": false,
            "location": "westeurope",
            "mac_address": "",
            "name": "dev-server-nic",
            "private_ip_address": "10.0.0.4",
            "private_ip_addresses": [
              "10.0.0.4"
            ],
            "resource_group_name": "rg-dev",
            "tags": null,
            "timeouts": null,
            "virtual_machine_id": ""
          },
          "sensitive_attributes": [],
          "identity_schema_version": 0,
          "identity": {
            "name": "dev-server-nic",
            "resource_group_name": "rg-dev",
            "subscription_id": "ad119bcf-5ba4-4a76-b46f-655da5400a96"
          },
          "private": "eyJlMmJmYjczMC1lY2FhLTExZTYtOGY4OC0zNDM2M2JjN2M0YzAiOnsiY3JlYXRlIjoxODAwMDAwMDAwMDAwLCJkZWxldGUiOjE4MDAwMDAwMDAwMDAsInJlYWQiOjMwMDAwMDAwMDAwMCwidXBkYXRlIjoxODAwMDAwMDAwMDAwfX0=",
          "dependencies": [
            "azurerm_resource_group.rg",
            "azurerm_subnet.subnet",
            "azurerm_virtual_network.vnet"
          ]
        }
      ]
    },
    {
      "module": "module.windows_vm",
      "mode": "managed",
      "type": "azurerm_windows_virtual_machine",
      "name": "vm",
      "provider": "provider[\"registry.terraform.io/hashicorp/azurerm\"]",
      "instances": [
        {
          "schema_version": 0,
          "attributes": {
            "additional_capabilities": [],
            "additional_unattend_content": [],
            "admin_password": "P@ssword123!",
            "admin_username": "azureadmin",
            "allow_extension_operations": true,
            "automatic_updates_enabled": true,
            "availability_set_id": "",
            "boot_diagnostics": [],
            "bypass_platform_safety_checks_on_user_schedule_enabled": false,
            "capacity_reservation_group_id": "",
            "computer_name": "dev-server",
            "custom_data": null,
            "dedicated_host_group_id": "",
            "dedicated_host_id": "",
            "disk_controller_type": "NVMe",
            "edge_zone": "",
            "enable_automatic_updates": true,
            "encryption_at_host_enabled": false,
            "eviction_policy": "",
            "extensions_time_budget": "PT1H30M",
            "gallery_application": [],
            "hotpatching_enabled": false,
            "id": "/subscriptions/ad119bcf-5ba4-4a76-b46f-655da5400a96/resourceGroups/rg-dev/providers/Microsoft.Compute/virtualMachines/dev-server",
            "identity": [],
            "license_type": "",
            "location": "westeurope",
            "max_bid_price": -1,
            "name": "dev-server",
            "network_interface_ids": [
              "/subscriptions/ad119bcf-5ba4-4a76-b46f-655da5400a96/resourceGroups/rg-dev/providers/Microsoft.Network/networkInterfaces/dev-server-nic"
            ],
            "os_disk": [
              {
                "caching": "ReadWrite",
                "diff_disk_settings": [],
                "disk_encryption_set_id": "",
                "disk_size_gb": 127,
                "id": "/subscriptions/ad119bcf-5ba4-4a76-b46f-655da5400a96/resourceGroups/rg-dev/providers/Microsoft.Compute/disks/dev-server_OsDisk_1_d121b9580f924a32adf9a9d7bd394352",
                "name": "dev-server_OsDisk_1_d121b9580f924a32adf9a9d7bd394352",
                "secure_vm_disk_encryption_set_id": "",
                "security_encryption_type": "",
                "storage_account_type": "Standard_LRS",
                "write_accelerator_enabled": false
              }
            ],
            "os_image_notification": [],
            "os_managed_disk_id": "/subscriptions/ad119bcf-5ba4-4a76-b46f-655da5400a96/resourceGroups/rg-dev/providers/Microsoft.Compute/disks/dev-server_OsDisk_1_d121b9580f924a32adf9a9d7bd394352",
            "patch_assessment_mode": "ImageDefault",
            "patch_mode": "AutomaticByOS",
            "plan": [],
            "platform_fault_domain": -1,
            "priority": "Regular",
            "private_ip_address": "10.0.0.4",
            "private_ip_addresses": [
              "10.0.0.4"
            ],
            "provision_vm_agent": true,
            "proximity_placement_group_id": "",
            "public_ip_address": "",
            "public_ip_addresses": [],
            "reboot_setting": "",
            "resource_group_name": "rg-dev",
            "secret": [],
            "secure_boot_enabled": false,
            "size": "Standard_D2als_v6",
            "source_image_id": "",
            "source_image_reference": [
              {
                "offer": "WindowsServer",
                "publisher": "MicrosoftWindowsServer",
                "sku": "2019-datacenter-gensecond",
                "version": "latest"
              }
            ],
            "tags": null,
            "termination_notification": null,
            "timeouts": null,
            "timezone": "",
            "user_data": "",
            "virtual_machine_id": "e7b4bdf6-e3b4-4eeb-b1a6-f835e3baa832",
            "virtual_machine_scale_set_id": "",
            "vm_agent_platform_updates_enabled": true,
            "vtpm_enabled": false,
            "winrm_listener": [],
            "zone": ""
          },
          "sensitive_attributes": [
            [
              {
                "type": "get_attr",
                "value": "admin_password"
              }
            ],
            [
              {
                "type": "get_attr",
                "value": "custom_data"
              }
            ]
          ],
          "identity_schema_version": 0,
          "private": "eyJlMmJmYjczMC1lY2FhLTExZTYtOGY4OC0zNDM2M2JjN2M0YzAiOnsiY3JlYXRlIjoyNzAwMDAwMDAwMDAwLCJkZWxldGUiOjI3MDAwMDAwMDAwMDAsInJlYWQiOjMwMDAwMDAwMDAwMCwidXBkYXRlIjoyNzAwMDAwMDAwMDAwfX0=",
          "dependencies": [
            "azurerm_resource_group.rg",
            "azurerm_subnet.subnet",
            "azurerm_virtual_network.vnet",
            "module.windows_vm.azurerm_network_interface.nic"
          ]
        }
      ]
    }
  ],
  "check_results": null
}
